
Microsoft Visual Studio Solution File, Format Version 12.00
# Visual Studio 15
VisualStudioVersion = 15.0.26730.15
MinimumVisualStudioVersion = 10.0.40219.1
Project("{9A19103F-16F7-4668-BE54-9A1E7A4F7556}") = "CoordConvertersBLL", "CoordConvertersBLL\CoordConvertersBLL.csproj", "{D41BFA3A-3AD3-45DF-954D-BA37B73E04F2}"
EndProject
Project("{FAE04EC0-301F-11D3-BF4B-00C04F79EFBC}") = "CoordConvertersBLLTests", "CoordConvertersBLLTests\CoordConvertersBLLTests.csproj", "{4D35BAB9-9AFF-43B4-AF2A-B311B207C5EF}"
EndProject
Project("{FAE04EC0-301F-11D3-BF4B-00C04F79EFBC}") = "CoordConverterConsole", "CoordConverterConsole\CoordConverterConsole.csproj", "{359AA95D-CFD8-4E85-84DC-D8D1A2CFC8C2}"
EndProject
Project("{FAE04EC0-301F-11D3-BF4B-00C04F79EFBC}") = "CoordConverterWinApp", "CoordConverterWinApp\CoordConverterWinApp.csproj", "{024CDB90-BA29-4455-977A-02EA77B3C1A6}"
EndProject
Global
	GlobalSection(SolutionConfigurationPlatforms) = preSolution
		Debug|Any CPU = Debug|Any CPU
		Release|Any CPU = Release|Any CPU
	EndGlobalSection
	GlobalSection(ProjectConfigurationPlatforms) = postSolution
		{D41BFA3A-3AD3-45DF-954D-BA37B73E04F2}.Debug|Any CPU.ActiveCfg = Debug|Any CPU
		{D41BFA3A-3AD3-45DF-954D-BA37B73E04F2}.Debug|Any CPU.Build.0 = Debug|Any CPU
		{D41BFA3A-3AD3-45DF-954D-BA37B73E04F2}.Release|Any CPU.ActiveCfg = Release|Any CPU
		{D41BFA3A-3AD3-45DF-954D-BA37B73E04F2}.Release|Any CPU.Build.0 = Release|Any CPU
		{4D35BAB9-9AFF-43B4-AF2A-B311B207C5EF}.Debug|Any CPU.ActiveCfg = Debug|Any CPU
		{4D35BAB9-9AFF-43B4-AF2A-B311B207C5EF}.Debug|Any CPU.Build.0 = Debug|Any CPU
		{4D35BAB9-9AFF-43B4-AF2A-B311B207C5EF}.Release|Any CPU.ActiveCfg = Release|Any CPU
		{4D35BAB9-9AFF-43B4-AF2A-B311B207C5EF}.Release|Any CPU.Build.0 = Release|Any CPU
		{359AA95D-CFD8-4E85-84DC-D8D1A2CFC8C2}.Debug|Any CPU.ActiveCfg = Debug|Any CPU
		{359AA95D-CFD8-4E85-84DC-D8D1A2CFC8C2}.Debug|Any CPU.Build.0 = Debug|Any CPU
		{359AA95D-CFD8-4E85-84DC-D8D1A2CFC8C2}.Release|Any CPU.ActiveCfg = Release|Any CPU
		{359AA95D-CFD8-4E85-84DC-D8D1A2CFC8C2}.Release|Any CPU.Build.0 = Release|Any CPU
		{024CDB90-BA29-4455-977A-02EA77B3C1A6}.Debug|Any CPU.ActiveCfg = Debug|Any CPU
		{024CDB90-BA29-4455-977A-02EA77B3C1A6}.Debug|Any CPU.Build.0 = Debug|Any CPU
		{024CDB90-BA29-4455-977A-02EA77B3C1A6}.Release|Any CPU.ActiveCfg = Release|Any CPU
		{024CDB90-BA29-4455-977A-02EA77B3C1A6}.Release|Any CPU.Build.0 = Release|Any CPU
	EndGlobalSection
	GlobalSection(SolutionProperties) = preSolution
		HideSolutionNode = FALSE
	EndGlobalSection
	GlobalSection(ExtensibilityGlobals) = postSolution
		SolutionGuid = {DF0CE160-FCBD-47D1-8EEB-8BE577CF1464}
	EndGlobalSection
EndGlobal
